
Microsoft Visual Studio Solution File, Format Version 12.00
# Visual Studio Version 17
VisualStudioVersion = 17.10.35004.147
MinimumVisualStudioVersion = 10.0.40219.1
Project("{FAE04EC0-301F-11D3-BF4B-00C04F79EFBC}") = "rentroute1", "rentroute1\rentroute1.csproj", "{5ABC7AFE-D4CE-462E-A6E8-DC1D73866923}"
EndProject
Global
	GlobalSection(SolutionConfigurationPlatforms) = preSolution
		Debug|Any CPU = Debug|Any CPU
		Release|Any CPU = Release|Any CPU
	EndGlobalSection
	GlobalSection(ProjectConfigurationPlatforms) = postSolution
		{5ABC7AFE-D4CE-462E-A6E8-DC1D73866923}.Debug|Any CPU.ActiveCfg = Debug|Any CPU
		{5ABC7AFE-D4CE-462E-A6E8-DC1D73866923}.Debug|Any CPU.Build.0 = Debug|Any CPU
		{5ABC7AFE-D4CE-462E-A6E8-DC1D73866923}.Release|Any CPU.ActiveCfg = Release|Any CPU
		{5ABC7AFE-D4CE-462E-A6E8-DC1D73866923}.Release|Any CPU.Build.0 = Release|Any CPU
	EndGlobalSection
	GlobalSection(SolutionProperties) = preSolution
		HideSolutionNode = FALSE
	EndGlobalSection
	GlobalSection(ExtensibilityGlobals) = postSolution
		SolutionGuid = {A675D82F-E024-4FAB-AE4B-3223241EAF4D}
	EndGlobalSection
EndGlobal
